
Microsoft Visual Studio Solution File, Format Version 12.00
# Visual Studio 15
VisualStudioVersion = 15.0.27004.2002
MinimumVisualStudioVersion = 10.0.40219.1
Project("{FAE04EC0-301F-11D3-BF4B-00C04F79EFBC}") = "Analyzers", "Analyzers\Analyzers\Analyzers.csproj", "{F6129CD2-60AD-4EEF-81D9-FCB19BBDEBD9}"
EndProject
Project("{FAE04EC0-301F-11D3-BF4B-00C04F79EFBC}") = "Analyzers.Test", "Analyzers\Analyzers.Test\Analyzers.Test.csproj", "{31E47979-435B-45CF-BACF-9A6F23638182}"
EndProject
Project("{FAE04EC0-301F-11D3-BF4B-00C04F79EFBC}") = "Analyzers.Vsix", "Analyzers\Analyzers.Vsix\Analyzers.Vsix.csproj", "{21D61959-7F6B-49AB-8662-FD0C715142D7}"
EndProject
Global
	GlobalSection(SolutionConfigurationPlatforms) = preSolution
		Debug|Any CPU = Debug|Any CPU
		Release|Any CPU = Release|Any CPU
	EndGlobalSection
	GlobalSection(ProjectConfigurationPlatforms) = postSolution
		{F6129CD2-60AD-4EEF-81D9-FCB19BBDEBD9}.Debug|Any CPU.ActiveCfg = Debug|Any CPU
		{F6129CD2-60AD-4EEF-81D9-FCB19BBDEBD9}.Debug|Any CPU.Build.0 = Debug|Any CPU
		{F6129CD2-60AD-4EEF-81D9-FCB19BBDEBD9}.Release|Any CPU.ActiveCfg = Release|Any CPU
		{F6129CD2-60AD-4EEF-81D9-FCB19BBDEBD9}.Release|Any CPU.Build.0 = Release|Any CPU
		{31E47979-435B-45CF-BACF-9A6F23638182}.Debug|Any CPU.ActiveCfg = Debug|Any CPU
		{31E47979-435B-45CF-BACF-9A6F23638182}.Debug|Any CPU.Build.0 = Debug|Any CPU
		{31E47979-435B-45CF-BACF-9A6F23638182}.Release|Any CPU.ActiveCfg = Release|Any CPU
		{31E47979-435B-45CF-BACF-9A6F23638182}.Release|Any CPU.Build.0 = Release|Any CPU
		{21D61959-7F6B-49AB-8662-FD0C715142D7}.Debug|Any CPU.ActiveCfg = Debug|Any CPU
		{21D61959-7F6B-49AB-8662-FD0C715142D7}.Debug|Any CPU.Build.0 = Debug|Any CPU
		{21D61959-7F6B-49AB-8662-FD0C715142D7}.Release|Any CPU.ActiveCfg = Release|Any CPU
	EndGlobalSection
	GlobalSection(SolutionProperties) = preSolution
		HideSolutionNode = FALSE
	EndGlobalSection
	GlobalSection(ExtensibilityGlobals) = postSolution
		SolutionGuid = {5D1DB7FA-B6F9-424F-8D57-0B7031905F76}
	EndGlobalSection
EndGlobal
